# THIS IS AN AUTOGENERATED FILE. DO NOT EDIT THIS FILE DIRECTLY.
# yarn lockfile v1


deep-diff@^1.0.2:
  version "1.0.2"
  resolved "https://registry.yarnpkg.com/deep-diff/-/deep-diff-1.0.2.tgz#afd3d1f749115be965e89c63edc7abb1506b9c26"
  integrity sha512-aWS3UIVH+NPGCD1kki+DCU9Dua032iSsO43LqQpcs4R3+dVv7tX0qBGjiVHJHjplsoUM2XRO/KB92glqc68awg==

deepmerge@^3.1.0:
  version "3.2.0"
  resolved "https://registry.yarnpkg.com/deepmerge/-/deepmerge-3.2.0.tgz#58ef463a57c08d376547f8869fdc5bcee957f44e"
  integrity sha512-6+LuZGU7QCNUnAJyX8cIrlzoEgggTM6B7mm+znKOX4t5ltluT9KLjN6g61ECMS0LTsLW7yDpNoxhix5FZcrIow==

exenv@^1.2.2:
  version "1.2.2"
  resolved "https://registry.yarnpkg.com/exenv/-/exenv-1.2.2.tgz#2ae78e85d9894158670b03d47bec1f03bd91bb9d"
  integrity sha1-KueOhdmJQVhnCwPUe+wfA72Ru50=

is-lite@^0.2.2:
  version "0.2.2"
  resolved "https://registry.yarnpkg.com/is-lite/-/is-lite-0.2.2.tgz#e4c6dee53871f26fa7743a469db12fa6158d732e"
  integrity sha512-CnO9kJOQvaXa9lJK4OSgnpao2XG9EGQHCaaPDCK9gTEqz+duD2hPXtl69Rgq879TUs+76Fuz87XBJ5H9FgYRNA==

nested-property@0.0.7, nested-property@^0.0.7:
  version "0.0.7"
  resolved "https://registry.yarnpkg.com/nested-property/-/nested-property-0.0.7.tgz#ff222f233ca8793c6828b4117091bea597130f4f"
  integrity sha1-/yIvIzyoeTxoKLQRcJG+pZcTD08=

popper.js@^1.14.7:
  version "1.15.0"
  resolved "https://registry.yarnpkg.com/popper.js/-/popper.js-1.15.0.tgz#5560b99bbad7647e9faa475c6b8056621f5a4ff2"
  integrity sha512-w010cY1oCUmI+9KwwlWki+r5jxKfTFDVoadl7MSrIujHU5MJ5OR6HTDj6Xo8aoR/QsA56x8jKjA59qGH4ELtrA==

react-floater@^0.6.4:
  version "0.6.4"
  resolved "https://registry.yarnpkg.com/react-floater/-/react-floater-0.6.4.tgz#12bee84aa798bbc747b551428c04e8fec077bcea"
  integrity sha512-KCOUpAnd2Y7u6BtfubZ8QqNuBrf3XWjHRMYXxTZXiubXkgrDVD7ipYxn9vBZ2PrFG8qpL89gB0BZWzQf2keaBw==
  dependencies:
    deepmerge "^3.1.0"
    exenv "^1.2.2"
    is-lite "^0.2.2"
    popper.js "^1.14.7"
    react-proptype-conditional-require "^1.0.4"
    tree-changes "^0.4.0"

react-is@^16.8.1:
  version "16.8.6"
  resolved "https://registry.yarnpkg.com/react-is/-/react-is-16.8.6.tgz#5bbc1e2d29141c9fbdfed456343fe2bc430a6a16"
  integrity sha512-aUk3bHfZ2bRSVFFbbeVS4i+lNPZr3/WM5jT2J5omUVV1zzcs1nAaf3l51ctA5FFvCRbhrH0bdAsRRQddFJZPtA==

react-joyride@^2.0.5:
  version "2.0.5"
  resolved "https://registry.yarnpkg.com/react-joyride/-/react-joyride-2.0.5.tgz#902c90d05b37bc7e3db97a7030203669e54a4c0d"
  integrity sha512-T09B5crC+knRAHhYAv9dYtgPGDTF5eEv1+N3g8JKQwIjl0kLNEnHmfHMLJkeqyrN/lJ/Tz9ywab25PYyplB9pg==
  dependencies:
    deep-diff "^1.0.2"
    deepmerge "^3.1.0"
    exenv "^1.2.2"
    is-lite "^0.2.2"
    nested-property "^0.0.7"
    react-floater "^0.6.4"
    react-is "^16.8.1"
    scroll "^3.0.0"
    scroll-doc "^0.2.1"
    scrollparent "^2.0.1"
    tree-changes "^0.4.0"

react-proptype-conditional-require@^1.0.4:
  version "1.0.4"
  resolved "https://registry.yarnpkg.com/react-proptype-conditional-require/-/react-proptype-conditional-require-1.0.4.tgz#69c2d5741e6df5e08f230f36bbc2944ee1222555"
  integrity sha1-acLVdB5t9eCPIw82u8KUTuEiJVU=

scroll-doc@^0.2.1:
  version "0.2.1"
  resolved "https://registry.yarnpkg.com/scroll-doc/-/scroll-doc-0.2.1.tgz#168f9e9ac598743dd682c992839b44a38ce4dd91"
  integrity sha512-ZLueZaKMkdL1/SL07Fpw/P/MFYit76GaaKQYnjLSx2K6dOUmkYP1TEOyyfKZohvDyoKMwue0l9MbgPesREjqCA==

scroll@^3.0.0:
  version "3.0.1"
  resolved "https://registry.yarnpkg.com/scroll/-/scroll-3.0.1.tgz#d5afb59fb3592ee3df31c89743e78b39e4cd8a26"
  integrity sha512-pz7y517OVls1maEzlirKO5nPYle9AXsFzTMNJrRGmT951mzpIBy7sNHOg5o/0MQd/NqliCiWnAi0kZneMPFLcg==

scrollparent@^2.0.1:
  version "2.0.1"
  resolved "https://registry.yarnpkg.com/scrollparent/-/scrollparent-2.0.1.tgz#715d5b9cc57760fb22bdccc3befb5bfe06b1a317"
  integrity sha1-cV1bnMV3YPsivczDvvtb/gaxoxc=

tree-changes@^0.4.0:
  version "0.4.0"
  resolved "https://registry.yarnpkg.com/tree-changes/-/tree-changes-0.4.0.tgz#128b5a50862795f5c7818a3583dc4c3fbd54d569"
  integrity sha512-ayVwCHFCCm2LtaEqf2cbgt9Em8QTnn6nIMFZErAE4XwdPawRmSSE+AUUrt6MZmwxPqELSH3ZAcOTOkpIvCxhew==
  dependencies:
    deep-diff "^1.0.2"
    nested-property "0.0.7"
